<Solution>
  <Project Path="C:\Users\RecCream\Documents\DOC-SYNC\лабы\sharpMob\prjGameAccount\cnsGameAccount\cnsGameAccount.csproj" />
  <Project Path="C:\Users\RecCream\Documents\DOC-SYNC\лабы\sharpMob\prjGameAccount\wfaGameAccount\wfaGameAccount.csproj" />
  <Project Path="C:\Users\RecCream\Documents\DOC-SYNC\лабы\sharpMob\prjGameAccount\libCore\libCore.csproj" />
</Solution>
